
Microsoft Visual Studio Solution File, Format Version 12.00
# Visual Studio Version 16
VisualStudioVersion = 16.0.29409.12
MinimumVisualStudioVersion = 10.0.40219.1
Project("{9A19103F-16F7-4668-BE54-9A1E7A4F7556}") = "CanaryBuilder", "CanaryBuilder\CanaryBuilder.csproj", "{D6E6BA6E-3981-4ACD-A204-E619BCA672DE}"
EndProject
Project("{9A19103F-16F7-4668-BE54-9A1E7A4F7556}") = "CanaryBuilder.UnitTests", "CanaryBuilder.UnitTests\CanaryBuilder.UnitTests.csproj", "{4A38AD6B-7385-479C-9C22-7CFCE8434006}"
EndProject
Project("{9A19103F-16F7-4668-BE54-9A1E7A4F7556}") = "CanaryBuilder.IntegrationTests", "CanaryBuilder.IntegrationTests\CanaryBuilder.IntegrationTests.csproj", "{476CEA93-B597-4509-952B-73ED903F3A71}"
EndProject
Project("{9A19103F-16F7-4668-BE54-9A1E7A4F7556}") = "Bluewire.Common.GitWrapper", "Bluewire.Common.GitWrapper\Bluewire.Common.GitWrapper.csproj", "{815563F8-0AF9-4E56-9160-A26CDD1DB163}"
EndProject
Project("{9A19103F-16F7-4668-BE54-9A1E7A4F7556}") = "Bluewire.Common.GitWrapper.IntegrationTests", "Bluewire.Common.GitWrapper.IntegrationTests\Bluewire.Common.GitWrapper.IntegrationTests.csproj", "{B9DBC4C3-7733-49BA-B797-E9CB9D616403}"
EndProject
Project("{9A19103F-16F7-4668-BE54-9A1E7A4F7556}") = "Bluewire.Common.GitWrapper.UnitTests", "Bluewire.Common.GitWrapper.UnitTests\Bluewire.Common.GitWrapper.UnitTests.csproj", "{B88D5F35-D73E-417E-98FF-D7BD865A1441}"
EndProject
Project("{9A19103F-16F7-4668-BE54-9A1E7A4F7556}") = "CanaryCollector", "CanaryCollector\CanaryCollector.csproj", "{2AE9756E-CB1B-4C83-BA21-899E3DDE021D}"
EndProject
Project("{9A19103F-16F7-4668-BE54-9A1E7A4F7556}") = "CanaryCollector.UnitTests", "CanaryCollector.UnitTests\CanaryCollector.UnitTests.csproj", "{A017C705-AE76-4790-B705-57E99E747524}"
EndProject
Project("{9A19103F-16F7-4668-BE54-9A1E7A4F7556}") = "Bluewire.Conventions", "Bluewire.Conventions\Bluewire.Conventions.csproj", "{7FD6A3BA-5B0C-4EC5-BC18-D1CEA058B7E9}"
EndProject
Project("{9A19103F-16F7-4668-BE54-9A1E7A4F7556}") = "Bluewire.Conventions.UnitTests", "Bluewire.Conventions.UnitTests\Bluewire.Conventions.UnitTests.csproj", "{00F48B07-FFE3-461A-9966-B23DCC772B9E}"
EndProject
Project("{9A19103F-16F7-4668-BE54-9A1E7A4F7556}") = "RefCleaner", "RefCleaner\RefCleaner.csproj", "{A8A322E2-DEDB-4746-AFA7-45F3615C952C}"
EndProject
Project("{9A19103F-16F7-4668-BE54-9A1E7A4F7556}") = "RefCleaner.IntegrationTests", "RefCleaner.IntegrationTests\RefCleaner.IntegrationTests.csproj", "{E0882C6A-6F48-481C-BA8E-C69AE44ED279}"
EndProject
Project("{9A19103F-16F7-4668-BE54-9A1E7A4F7556}") = "Bluewire.Tools.GitRepository", "Bluewire.Tools.GitRepository\Bluewire.Tools.GitRepository.csproj", "{F9238A4E-6EAD-4E8A-84B5-5F7400B1A065}"
EndProject
Project("{9A19103F-16F7-4668-BE54-9A1E7A4F7556}") = "Bluewire.Tools.GitRepository.IntegrationTests", "Bluewire.Tools.GitRepository.IntegrationTests\Bluewire.Tools.GitRepository.IntegrationTests.csproj", "{701C8FDD-8467-436A-880F-19A08B986A30}"
EndProject
Project("{9A19103F-16F7-4668-BE54-9A1E7A4F7556}") = "Bluewire.Tools.Builds", "Bluewire.Tools.Builds\Bluewire.Tools.Builds.csproj", "{0AF75344-AC58-442B-A096-54DEB7ABC8F4}"
EndProject
Project("{9A19103F-16F7-4668-BE54-9A1E7A4F7556}") = "Bluewire.Tools.Runner", "Bluewire.Tools.Runner\Bluewire.Tools.Runner.csproj", "{07FD50C6-7569-49DB-9926-127E2E7F4339}"
EndProject
Project("{9A19103F-16F7-4668-BE54-9A1E7A4F7556}") = "Bluewire.Tools.Runner.IntegrationTests", "Bluewire.Tools.Runner.IntegrationTests\Bluewire.Tools.Runner.IntegrationTests.csproj", "{A4214FB7-545D-4653-9F0C-970443C13C46}"
EndProject
Project("{9A19103F-16F7-4668-BE54-9A1E7A4F7556}") = "Bluewire.Stash.Tool", "Bluewire.Stash.Tool\Bluewire.Stash.Tool.csproj", "{1F1ADDB6-60EC-46EC-A3BB-E003CBEE366C}"
EndProject
Project("{9A19103F-16F7-4668-BE54-9A1E7A4F7556}") = "Bluewire.Stash", "Bluewire.Stash\Bluewire.Stash.csproj", "{EE3D39F6-F314-4F7E-B5EE-81D52C559C30}"
EndProject
Project("{9A19103F-16F7-4668-BE54-9A1E7A4F7556}") = "Bluewire.Stash.UnitTests", "Bluewire.Stash.UnitTests\Bluewire.Stash.UnitTests.csproj", "{61918DAD-4338-4970-B825-4AF2347C0878}"
EndProject
Project("{FAE04EC0-301F-11D3-BF4B-00C04F79EFBC}") = "Bluewire.Stash.IntegrationTests", "Bluewire.Stash.IntegrationTests\Bluewire.Stash.IntegrationTests.csproj", "{84D6A4DE-8ACF-422C-B7BB-040B2594CB1B}"
EndProject
Global
	GlobalSection(SolutionConfigurationPlatforms) = preSolution
		Debug|Any CPU = Debug|Any CPU
		Release|Any CPU = Release|Any CPU
	EndGlobalSection
	GlobalSection(ProjectConfigurationPlatforms) = postSolution
		{D6E6BA6E-3981-4ACD-A204-E619BCA672DE}.Debug|Any CPU.ActiveCfg = Debug|Any CPU
		{D6E6BA6E-3981-4ACD-A204-E619BCA672DE}.Debug|Any CPU.Build.0 = Debug|Any CPU
		{D6E6BA6E-3981-4ACD-A204-E619BCA672DE}.Release|Any CPU.ActiveCfg = Release|Any CPU
		{D6E6BA6E-3981-4ACD-A204-E619BCA672DE}.Release|Any CPU.Build.0 = Release|Any CPU
		{4A38AD6B-7385-479C-9C22-7CFCE8434006}.Debug|Any CPU.ActiveCfg = Debug|Any CPU
		{4A38AD6B-7385-479C-9C22-7CFCE8434006}.Debug|Any CPU.Build.0 = Debug|Any CPU
		{4A38AD6B-7385-479C-9C22-7CFCE8434006}.Release|Any CPU.ActiveCfg = Release|Any CPU
		{4A38AD6B-7385-479C-9C22-7CFCE8434006}.Release|Any CPU.Build.0 = Release|Any CPU
		{476CEA93-B597-4509-952B-73ED903F3A71}.Debug|Any CPU.ActiveCfg = Debug|Any CPU
		{476CEA93-B597-4509-952B-73ED903F3A71}.Debug|Any CPU.Build.0 = Debug|Any CPU
		{476CEA93-B597-4509-952B-73ED903F3A71}.Release|Any CPU.ActiveCfg = Release|Any CPU
		{476CEA93-B597-4509-952B-73ED903F3A71}.Release|Any CPU.Build.0 = Release|Any CPU
		{815563F8-0AF9-4E56-9160-A26CDD1DB163}.Debug|Any CPU.ActiveCfg = Debug|Any CPU
		{815563F8-0AF9-4E56-9160-A26CDD1DB163}.Debug|Any CPU.Build.0 = Debug|Any CPU
		{815563F8-0AF9-4E56-9160-A26CDD1DB163}.Release|Any CPU.ActiveCfg = Release|Any CPU
		{815563F8-0AF9-4E56-9160-A26CDD1DB163}.Release|Any CPU.Build.0 = Release|Any CPU
		{B9DBC4C3-7733-49BA-B797-E9CB9D616403}.Debug|Any CPU.ActiveCfg = Debug|Any CPU
		{B9DBC4C3-7733-49BA-B797-E9CB9D616403}.Debug|Any CPU.Build.0 = Debug|Any CPU
		{B9DBC4C3-7733-49BA-B797-E9CB9D616403}.Release|Any CPU.ActiveCfg = Release|Any CPU
		{B9DBC4C3-7733-49BA-B797-E9CB9D616403}.Release|Any CPU.Build.0 = Release|Any CPU
		{B88D5F35-D73E-417E-98FF-D7BD865A1441}.Debug|Any CPU.ActiveCfg = Debug|Any CPU
		{B88D5F35-D73E-417E-98FF-D7BD865A1441}.Debug|Any CPU.Build.0 = Debug|Any CPU
		{B88D5F35-D73E-417E-98FF-D7BD865A1441}.Release|Any CPU.ActiveCfg = Release|Any CPU
		{B88D5F35-D73E-417E-98FF-D7BD865A1441}.Release|Any CPU.Build.0 = Release|Any CPU
		{2AE9756E-CB1B-4C83-BA21-899E3DDE021D}.Debug|Any CPU.ActiveCfg = Debug|Any CPU
		{2AE9756E-CB1B-4C83-BA21-899E3DDE021D}.Debug|Any CPU.Build.0 = Debug|Any CPU
		{2AE9756E-CB1B-4C83-BA21-899E3DDE021D}.Release|Any CPU.ActiveCfg = Release|Any CPU
		{2AE9756E-CB1B-4C83-BA21-899E3DDE021D}.Release|Any CPU.Build.0 = Release|Any CPU
		{A017C705-AE76-4790-B705-57E99E747524}.Debug|Any CPU.ActiveCfg = Debug|Any CPU
		{A017C705-AE76-4790-B705-57E99E747524}.Debug|Any CPU.Build.0 = Debug|Any CPU
		{A017C705-AE76-4790-B705-57E99E747524}.Release|Any CPU.ActiveCfg = Release|Any CPU
		{A017C705-AE76-4790-B705-57E99E747524}.Release|Any CPU.Build.0 = Release|Any CPU
		{7FD6A3BA-5B0C-4EC5-BC18-D1CEA058B7E9}.Debug|Any CPU.ActiveCfg = Debug|Any CPU
		{7FD6A3BA-5B0C-4EC5-BC18-D1CEA058B7E9}.Debug|Any CPU.Build.0 = Debug|Any CPU
		{7FD6A3BA-5B0C-4EC5-BC18-D1CEA058B7E9}.Release|Any CPU.ActiveCfg = Release|Any CPU
		{7FD6A3BA-5B0C-4EC5-BC18-D1CEA058B7E9}.Release|Any CPU.Build.0 = Release|Any CPU
		{00F48B07-FFE3-461A-9966-B23DCC772B9E}.Debug|Any CPU.ActiveCfg = Debug|Any CPU
		{00F48B07-FFE3-461A-9966-B23DCC772B9E}.Debug|Any CPU.Build.0 = Debug|Any CPU
		{00F48B07-FFE3-461A-9966-B23DCC772B9E}.Release|Any CPU.ActiveCfg = Release|Any CPU
		{00F48B07-FFE3-461A-9966-B23DCC772B9E}.Release|Any CPU.Build.0 = Release|Any CPU
		{A8A322E2-DEDB-4746-AFA7-45F3615C952C}.Debug|Any CPU.ActiveCfg = Debug|Any CPU
		{A8A322E2-DEDB-4746-AFA7-45F3615C952C}.Debug|Any CPU.Build.0 = Debug|Any CPU
		{A8A322E2-DEDB-4746-AFA7-45F3615C952C}.Release|Any CPU.ActiveCfg = Release|Any CPU
		{A8A322E2-DEDB-4746-AFA7-45F3615C952C}.Release|Any CPU.Build.0 = Release|Any CPU
		{E0882C6A-6F48-481C-BA8E-C69AE44ED279}.Debug|Any CPU.ActiveCfg = Debug|Any CPU
		{E0882C6A-6F48-481C-BA8E-C69AE44ED279}.Debug|Any CPU.Build.0 = Debug|Any CPU
		{E0882C6A-6F48-481C-BA8E-C69AE44ED279}.Release|Any CPU.ActiveCfg = Release|Any CPU
		{E0882C6A-6F48-481C-BA8E-C69AE44ED279}.Release|Any CPU.Build.0 = Release|Any CPU
		{F9238A4E-6EAD-4E8A-84B5-5F7400B1A065}.Debug|Any CPU.ActiveCfg = Debug|Any CPU
		{F9238A4E-6EAD-4E8A-84B5-5F7400B1A065}.Debug|Any CPU.Build.0 = Debug|Any CPU
		{F9238A4E-6EAD-4E8A-84B5-5F7400B1A065}.Release|Any CPU.ActiveCfg = Release|Any CPU
		{F9238A4E-6EAD-4E8A-84B5-5F7400B1A065}.Release|Any CPU.Build.0 = Release|Any CPU
		{701C8FDD-8467-436A-880F-19A08B986A30}.Debug|Any CPU.ActiveCfg = Debug|Any CPU
		{701C8FDD-8467-436A-880F-19A08B986A30}.Debug|Any CPU.Build.0 = Debug|Any CPU
		{701C8FDD-8467-436A-880F-19A08B986A30}.Release|Any CPU.ActiveCfg = Release|Any CPU
		{701C8FDD-8467-436A-880F-19A08B986A30}.Release|Any CPU.Build.0 = Release|Any CPU
		{0AF75344-AC58-442B-A096-54DEB7ABC8F4}.Debug|Any CPU.ActiveCfg = Debug|Any CPU
		{0AF75344-AC58-442B-A096-54DEB7ABC8F4}.Debug|Any CPU.Build.0 = Debug|Any CPU
		{0AF75344-AC58-442B-A096-54DEB7ABC8F4}.Release|Any CPU.ActiveCfg = Release|Any CPU
		{0AF75344-AC58-442B-A096-54DEB7ABC8F4}.Release|Any CPU.Build.0 = Release|Any CPU
		{07FD50C6-7569-49DB-9926-127E2E7F4339}.Debug|Any CPU.ActiveCfg = Debug|Any CPU
		{07FD50C6-7569-49DB-9926-127E2E7F4339}.Debug|Any CPU.Build.0 = Debug|Any CPU
		{07FD50C6-7569-49DB-9926-127E2E7F4339}.Release|Any CPU.ActiveCfg = Release|Any CPU
		{07FD50C6-7569-49DB-9926-127E2E7F4339}.Release|Any CPU.Build.0 = Release|Any CPU
		{A4214FB7-545D-4653-9F0C-970443C13C46}.Debug|Any CPU.ActiveCfg = Debug|Any CPU
		{A4214FB7-545D-4653-9F0C-970443C13C46}.Debug|Any CPU.Build.0 = Debug|Any CPU
		{A4214FB7-545D-4653-9F0C-970443C13C46}.Release|Any CPU.ActiveCfg = Release|Any CPU
		{A4214FB7-545D-4653-9F0C-970443C13C46}.Release|Any CPU.Build.0 = Release|Any CPU
		{1F1ADDB6-60EC-46EC-A3BB-E003CBEE366C}.Debug|Any CPU.ActiveCfg = Debug|Any CPU
		{1F1ADDB6-60EC-46EC-A3BB-E003CBEE366C}.Debug|Any CPU.Build.0 = Debug|Any CPU
		{1F1ADDB6-60EC-46EC-A3BB-E003CBEE366C}.Release|Any CPU.ActiveCfg = Release|Any CPU
		{1F1ADDB6-60EC-46EC-A3BB-E003CBEE366C}.Release|Any CPU.Build.0 = Release|Any CPU
		{EE3D39F6-F314-4F7E-B5EE-81D52C559C30}.Debug|Any CPU.ActiveCfg = Debug|Any CPU
		{EE3D39F6-F314-4F7E-B5EE-81D52C559C30}.Debug|Any CPU.Build.0 = Debug|Any CPU
		{EE3D39F6-F314-4F7E-B5EE-81D52C559C30}.Release|Any CPU.ActiveCfg = Release|Any CPU
		{EE3D39F6-F314-4F7E-B5EE-81D52C559C30}.Release|Any CPU.Build.0 = Release|Any CPU
		{61918DAD-4338-4970-B825-4AF2347C0878}.Debug|Any CPU.ActiveCfg = Debug|Any CPU
		{61918DAD-4338-4970-B825-4AF2347C0878}.Debug|Any CPU.Build.0 = Debug|Any CPU
		{61918DAD-4338-4970-B825-4AF2347C0878}.Release|Any CPU.ActiveCfg = Release|Any CPU
		{61918DAD-4338-4970-B825-4AF2347C0878}.Release|Any CPU.Build.0 = Release|Any CPU
		{84D6A4DE-8ACF-422C-B7BB-040B2594CB1B}.Debug|Any CPU.ActiveCfg = Debug|Any CPU
		{84D6A4DE-8ACF-422C-B7BB-040B2594CB1B}.Debug|Any CPU.Build.0 = Debug|Any CPU
		{84D6A4DE-8ACF-422C-B7BB-040B2594CB1B}.Release|Any CPU.ActiveCfg = Release|Any CPU
		{84D6A4DE-8ACF-422C-B7BB-040B2594CB1B}.Release|Any CPU.Build.0 = Release|Any CPU
	EndGlobalSection
	GlobalSection(SolutionProperties) = preSolution
		HideSolutionNode = FALSE
	EndGlobalSection
	GlobalSection(ExtensibilityGlobals) = postSolution
		SolutionGuid = {347750BE-EA05-4B34-9F43-6481A6C5BDCE}
	EndGlobalSection
EndGlobal
