
Microsoft Visual Studio Solution File, Format Version 12.00
# Visual Studio 14
VisualStudioVersion = 14.0.25123.0
MinimumVisualStudioVersion = 10.0.40219.1
Project("{FAE04EC0-301F-11D3-BF4B-00C04F79EFBC}") = "CanaryBuilder", "CanaryBuilder\CanaryBuilder.csproj", "{D6E6BA6E-3981-4ACD-A204-E619BCA672DE}"
EndProject
Project("{FAE04EC0-301F-11D3-BF4B-00C04F79EFBC}") = "CanaryBuilder.UnitTests", "CanaryBuilder.UnitTests\CanaryBuilder.UnitTests.csproj", "{4A38AD6B-7385-479C-9C22-7CFCE8434006}"
EndProject
Project("{FAE04EC0-301F-11D3-BF4B-00C04F79EFBC}") = "CanaryBuilder.IntegrationTests", "CanaryBuilder.IntegrationTests\CanaryBuilder.IntegrationTests.csproj", "{476CEA93-B597-4509-952B-73ED903F3A71}"
EndProject
Project("{FAE04EC0-301F-11D3-BF4B-00C04F79EFBC}") = "Bluewire.Common.GitWrapper", "Bluewire.Common.GitWrapper\Bluewire.Common.GitWrapper.csproj", "{815563F8-0AF9-4E56-9160-A26CDD1DB163}"
EndProject
Project("{FAE04EC0-301F-11D3-BF4B-00C04F79EFBC}") = "Bluewire.Common.GitWrapper.IntegrationTests", "Bluewire.Common.GitWrapper.IntegrationTests\Bluewire.Common.GitWrapper.IntegrationTests.csproj", "{B9DBC4C3-7733-49BA-B797-E9CB9D616403}"
EndProject
Project("{FAE04EC0-301F-11D3-BF4B-00C04F79EFBC}") = "Bluewire.Common.GitWrapper.UnitTests", "Bluewire.Common.GitWrapper.UnitTests\Bluewire.Common.GitWrapper.UnitTests.csproj", "{B88D5F35-D73E-417E-98FF-D7BD865A1441}"
EndProject
Project("{FAE04EC0-301F-11D3-BF4B-00C04F79EFBC}") = "CanaryCollector", "CanaryCollector\CanaryCollector.csproj", "{2AE9756E-CB1B-4C83-BA21-899E3DDE021D}"
EndProject
Project("{FAE04EC0-301F-11D3-BF4B-00C04F79EFBC}") = "CanaryCollector.UnitTests", "CanaryCollector.UnitTests\CanaryCollector.UnitTests.csproj", "{A017C705-AE76-4790-B705-57E99E747524}"
EndProject
Project("{FAE04EC0-301F-11D3-BF4B-00C04F79EFBC}") = "Bluewire.Conventions", "Bluewire.Conventions\Bluewire.Conventions.csproj", "{7FD6A3BA-5B0C-4EC5-BC18-D1CEA058B7E9}"
EndProject
Project("{FAE04EC0-301F-11D3-BF4B-00C04F79EFBC}") = "Bluewire.Conventions.UnitTests", "Bluewire.Conventions.UnitTests\Bluewire.Conventions.UnitTests.csproj", "{00F48B07-FFE3-461A-9966-B23DCC772B9E}"
EndProject
Project("{FAE04EC0-301F-11D3-BF4B-00C04F79EFBC}") = "RefCleaner", "RefCleaner\RefCleaner.csproj", "{A8A322E2-DEDB-4746-AFA7-45F3615C952C}"
EndProject
Project("{FAE04EC0-301F-11D3-BF4B-00C04F79EFBC}") = "RefCleaner.IntegrationTests", "RefCleaner.IntegrationTests\RefCleaner.IntegrationTests.csproj", "{E0882C6A-6F48-481C-BA8E-C69AE44ED279}"
EndProject
Global
	GlobalSection(SolutionConfigurationPlatforms) = preSolution
		Debug|Any CPU = Debug|Any CPU
		Release|Any CPU = Release|Any CPU
	EndGlobalSection
	GlobalSection(ProjectConfigurationPlatforms) = postSolution
		{D6E6BA6E-3981-4ACD-A204-E619BCA672DE}.Debug|Any CPU.ActiveCfg = Debug|Any CPU
		{D6E6BA6E-3981-4ACD-A204-E619BCA672DE}.Debug|Any CPU.Build.0 = Debug|Any CPU
		{D6E6BA6E-3981-4ACD-A204-E619BCA672DE}.Release|Any CPU.ActiveCfg = Release|Any CPU
		{D6E6BA6E-3981-4ACD-A204-E619BCA672DE}.Release|Any CPU.Build.0 = Release|Any CPU
		{4A38AD6B-7385-479C-9C22-7CFCE8434006}.Debug|Any CPU.ActiveCfg = Debug|Any CPU
		{4A38AD6B-7385-479C-9C22-7CFCE8434006}.Debug|Any CPU.Build.0 = Debug|Any CPU
		{4A38AD6B-7385-479C-9C22-7CFCE8434006}.Release|Any CPU.ActiveCfg = Release|Any CPU
		{4A38AD6B-7385-479C-9C22-7CFCE8434006}.Release|Any CPU.Build.0 = Release|Any CPU
		{476CEA93-B597-4509-952B-73ED903F3A71}.Debug|Any CPU.ActiveCfg = Debug|Any CPU
		{476CEA93-B597-4509-952B-73ED903F3A71}.Debug|Any CPU.Build.0 = Debug|Any CPU
		{476CEA93-B597-4509-952B-73ED903F3A71}.Release|Any CPU.ActiveCfg = Release|Any CPU
		{476CEA93-B597-4509-952B-73ED903F3A71}.Release|Any CPU.Build.0 = Release|Any CPU
		{815563F8-0AF9-4E56-9160-A26CDD1DB163}.Debug|Any CPU.ActiveCfg = Debug|Any CPU
		{815563F8-0AF9-4E56-9160-A26CDD1DB163}.Debug|Any CPU.Build.0 = Debug|Any CPU
		{815563F8-0AF9-4E56-9160-A26CDD1DB163}.Release|Any CPU.ActiveCfg = Release|Any CPU
		{815563F8-0AF9-4E56-9160-A26CDD1DB163}.Release|Any CPU.Build.0 = Release|Any CPU
		{B9DBC4C3-7733-49BA-B797-E9CB9D616403}.Debug|Any CPU.ActiveCfg = Debug|Any CPU
		{B9DBC4C3-7733-49BA-B797-E9CB9D616403}.Debug|Any CPU.Build.0 = Debug|Any CPU
		{B9DBC4C3-7733-49BA-B797-E9CB9D616403}.Release|Any CPU.ActiveCfg = Release|Any CPU
		{B9DBC4C3-7733-49BA-B797-E9CB9D616403}.Release|Any CPU.Build.0 = Release|Any CPU
		{B88D5F35-D73E-417E-98FF-D7BD865A1441}.Debug|Any CPU.ActiveCfg = Debug|Any CPU
		{B88D5F35-D73E-417E-98FF-D7BD865A1441}.Debug|Any CPU.Build.0 = Debug|Any CPU
		{B88D5F35-D73E-417E-98FF-D7BD865A1441}.Release|Any CPU.ActiveCfg = Release|Any CPU
		{B88D5F35-D73E-417E-98FF-D7BD865A1441}.Release|Any CPU.Build.0 = Release|Any CPU
		{2AE9756E-CB1B-4C83-BA21-899E3DDE021D}.Debug|Any CPU.ActiveCfg = Debug|Any CPU
		{2AE9756E-CB1B-4C83-BA21-899E3DDE021D}.Debug|Any CPU.Build.0 = Debug|Any CPU
		{2AE9756E-CB1B-4C83-BA21-899E3DDE021D}.Release|Any CPU.ActiveCfg = Release|Any CPU
		{2AE9756E-CB1B-4C83-BA21-899E3DDE021D}.Release|Any CPU.Build.0 = Release|Any CPU
		{A017C705-AE76-4790-B705-57E99E747524}.Debug|Any CPU.ActiveCfg = Debug|Any CPU
		{A017C705-AE76-4790-B705-57E99E747524}.Debug|Any CPU.Build.0 = Debug|Any CPU
		{A017C705-AE76-4790-B705-57E99E747524}.Release|Any CPU.ActiveCfg = Release|Any CPU
		{A017C705-AE76-4790-B705-57E99E747524}.Release|Any CPU.Build.0 = Release|Any CPU
		{7FD6A3BA-5B0C-4EC5-BC18-D1CEA058B7E9}.Debug|Any CPU.ActiveCfg = Debug|Any CPU
		{7FD6A3BA-5B0C-4EC5-BC18-D1CEA058B7E9}.Debug|Any CPU.Build.0 = Debug|Any CPU
		{7FD6A3BA-5B0C-4EC5-BC18-D1CEA058B7E9}.Release|Any CPU.ActiveCfg = Release|Any CPU
		{7FD6A3BA-5B0C-4EC5-BC18-D1CEA058B7E9}.Release|Any CPU.Build.0 = Release|Any CPU
		{00F48B07-FFE3-461A-9966-B23DCC772B9E}.Debug|Any CPU.ActiveCfg = Debug|Any CPU
		{00F48B07-FFE3-461A-9966-B23DCC772B9E}.Debug|Any CPU.Build.0 = Debug|Any CPU
		{00F48B07-FFE3-461A-9966-B23DCC772B9E}.Release|Any CPU.ActiveCfg = Release|Any CPU
		{00F48B07-FFE3-461A-9966-B23DCC772B9E}.Release|Any CPU.Build.0 = Release|Any CPU
		{A8A322E2-DEDB-4746-AFA7-45F3615C952C}.Debug|Any CPU.ActiveCfg = Debug|Any CPU
		{A8A322E2-DEDB-4746-AFA7-45F3615C952C}.Debug|Any CPU.Build.0 = Debug|Any CPU
		{A8A322E2-DEDB-4746-AFA7-45F3615C952C}.Release|Any CPU.ActiveCfg = Release|Any CPU
		{A8A322E2-DEDB-4746-AFA7-45F3615C952C}.Release|Any CPU.Build.0 = Release|Any CPU
		{E0882C6A-6F48-481C-BA8E-C69AE44ED279}.Debug|Any CPU.ActiveCfg = Debug|Any CPU
		{E0882C6A-6F48-481C-BA8E-C69AE44ED279}.Debug|Any CPU.Build.0 = Debug|Any CPU
		{E0882C6A-6F48-481C-BA8E-C69AE44ED279}.Release|Any CPU.ActiveCfg = Release|Any CPU
		{E0882C6A-6F48-481C-BA8E-C69AE44ED279}.Release|Any CPU.Build.0 = Release|Any CPU
	EndGlobalSection
	GlobalSection(SolutionProperties) = preSolution
		HideSolutionNode = FALSE
	EndGlobalSection
EndGlobal
